
Microsoft Visual Studio Solution File, Format Version 12.00
Project("{FAE04EC0-301F-11D3-BF4B-00C04F79EFBC}") = "TestOpenGL", "TestOpenGL\TestOpenGL.csproj", "{FEBEABF0-772C-4820-A8C7-33D75ED3A462}"
EndProject
Global
	GlobalSection(SolutionConfigurationPlatforms) = preSolution
		Debug|Any CPU = Debug|Any CPU
		Release|Any CPU = Release|Any CPU
	EndGlobalSection
	GlobalSection(ProjectConfigurationPlatforms) = postSolution
		{FEBEABF0-772C-4820-A8C7-33D75ED3A462}.Debug|Any CPU.ActiveCfg = Debug|Any CPU
		{FEBEABF0-772C-4820-A8C7-33D75ED3A462}.Debug|Any CPU.Build.0 = Debug|Any CPU
		{FEBEABF0-772C-4820-A8C7-33D75ED3A462}.Release|Any CPU.ActiveCfg = Release|Any CPU
		{FEBEABF0-772C-4820-A8C7-33D75ED3A462}.Release|Any CPU.Build.0 = Release|Any CPU
	EndGlobalSection
EndGlobal
